
Microsoft Visual Studio Solution File, Format Version 12.00
# Visual Studio Version 17
VisualStudioVersion = 17.12.35521.163 d17.12
MinimumVisualStudioVersion = 10.0.40219.1
Project("{FAE04EC0-301F-11D3-BF4B-00C04F79EFBC}") = "PracticeAPI", "PracticeAPI\PracticeAPI.csproj", "{429FBC63-CF59-4117-99E6-446293B0F5C9}"
EndProject
Project("{FAE04EC0-301F-11D3-BF4B-00C04F79EFBC}") = "PracticeAPI.Domain", "PracticeAPI.Domain\PracticeAPI.Domain.csproj", "{5D0A9C8C-8BED-4CE1-B840-6309ED4ED0B8}"
EndProject
Global
	GlobalSection(SolutionConfigurationPlatforms) = preSolution
		Debug|Any CPU = Debug|Any CPU
		Release|Any CPU = Release|Any CPU
	EndGlobalSection
	GlobalSection(ProjectConfigurationPlatforms) = postSolution
		{429FBC63-CF59-4117-99E6-446293B0F5C9}.Debug|Any CPU.ActiveCfg = Debug|Any CPU
		{429FBC63-CF59-4117-99E6-446293B0F5C9}.Debug|Any CPU.Build.0 = Debug|Any CPU
		{429FBC63-CF59-4117-99E6-446293B0F5C9}.Release|Any CPU.ActiveCfg = Release|Any CPU
		{429FBC63-CF59-4117-99E6-446293B0F5C9}.Release|Any CPU.Build.0 = Release|Any CPU
		{5D0A9C8C-8BED-4CE1-B840-6309ED4ED0B8}.Debug|Any CPU.ActiveCfg = Debug|Any CPU
		{5D0A9C8C-8BED-4CE1-B840-6309ED4ED0B8}.Debug|Any CPU.Build.0 = Debug|Any CPU
		{5D0A9C8C-8BED-4CE1-B840-6309ED4ED0B8}.Release|Any CPU.ActiveCfg = Release|Any CPU
		{5D0A9C8C-8BED-4CE1-B840-6309ED4ED0B8}.Release|Any CPU.Build.0 = Release|Any CPU
	EndGlobalSection
	GlobalSection(SolutionProperties) = preSolution
		HideSolutionNode = FALSE
	EndGlobalSection
EndGlobal
